{
  "name": "playground",
  "lockfileVersion": 3,
  "requires": true,
  "packages": {
    "": {
      "name": "playground",
      "workspaces": [
        "apps/**",
        "packages/**"
      ],
      "dependencies": {
        "roserepo": "file:../../../packages/roserepo",
        "turbo": "^1.11.1"
      }
    },
    "../../../packages/roserepo": {
      "version": "1.0.11",
      "license": "mit",
      "dependencies": {
        "@meslzy/config": "^1.0.7",
        "chalk": "^5.3.0",
        "chokidar": "^3.5.3",
        "commander": "^11.1.0",
        "dotenv": "16.3.1",
        "execa": "^8.0.1",
        "fast-glob": "^3.3.2",
        "micromatch": "^4.0.5"
      },
      "bin": {
        "roserepo": "dist/bin.js"
      },
      "devDependencies": {
        "@types/micromatch": "^4.0.6"
      },
      "peerDependencies": {
        "typescript": ">=5"
      },
      "peerDependenciesMeta": {
        "typescript": {
          "optional": true
        }
      }
    },
    "../../packages/roserepo": {
      "version": "1.0.11",
      "extraneous": true,
      "license": "mit",
      "dependencies": {
        "@meslzy/config": "^1.0.7",
        "chalk": "^5.3.0",
        "chokidar": "^3.5.3",
        "commander": "^11.1.0",
        "dotenv": "16.3.1",
        "execa": "^8.0.1",
        "fast-glob": "^3.3.2"
      },
      "bin": {
        "roserepo": "dist/bin.js"
      },
      "devDependencies": {
        "@types/micromatch": "^4.0.6"
      },
      "peerDependencies": {
        "typescript": ">=5"
      },
      "peerDependenciesMeta": {
        "typescript": {
          "optional": true
        }
      }
    },
    "apps/backend/app": {
      "name": "@backend/app",
      "dependencies": {
        "@backend/pkg1": "*",
        "@backend/pkg2": "*"
      }
    },
    "apps/backend/packages/pkg1": {
      "name": "@backend/pkg1",
      "dependencies": {
        "pkg1": "*"
      }
    },
    "apps/backend/packages/pkg2": {
      "name": "@backend/pkg2",
      "dependencies": {
        "pkg2": "*"
      }
    },
    "apps/frontend/app": {
      "name": "@frontend/app",
      "dependencies": {
        "@frontend/pkg1": "*",
        "@frontend/pkg2": "*"
      }
    },
    "apps/frontend/packages/pkg1": {
      "name": "@frontend/pkg1",
      "dependencies": {
        "pkg1": "*"
      }
    },
    "apps/frontend/packages/pkg2": {
      "name": "@frontend/pkg2",
      "dependencies": {
        "pkg2": "*"
      }
    },
    "node_modules/@backend/app": {
      "resolved": "apps/backend/app",
      "link": true
    },
    "node_modules/@backend/pkg1": {
      "resolved": "apps/backend/packages/pkg1",
      "link": true
    },
    "node_modules/@backend/pkg2": {
      "resolved": "apps/backend/packages/pkg2",
      "link": true
    },
    "node_modules/@frontend/app": {
      "resolved": "apps/frontend/app",
      "link": true
    },
    "node_modules/@frontend/pkg1": {
      "resolved": "apps/frontend/packages/pkg1",
      "link": true
    },
    "node_modules/@frontend/pkg2": {
      "resolved": "apps/frontend/packages/pkg2",
      "link": true
    },
    "node_modules/pkg1": {
      "resolved": "packages/pkg1",
      "link": true
    },
    "node_modules/pkg2": {
      "resolved": "packages/pkg2",
      "link": true
    },
    "node_modules/roserepo": {
      "resolved": "../../../packages/roserepo",
      "link": true
    },
    "node_modules/turbo": {
      "version": "1.11.1",
      "resolved": "https://registry.npmjs.org/turbo/-/turbo-1.11.1.tgz",
      "integrity": "sha512-pmIsyTcyBJ5iJIaTjJyCxAq7YquDqyRai6FW2q0mFAkwK3k0p36wJ5yH85U2Ue6esrTKzeSEKskP4/fa7dv4+A==",
      "bin": {
        "turbo": "bin/turbo"
      },
      "optionalDependencies": {
        "turbo-darwin-64": "1.11.1",
        "turbo-darwin-arm64": "1.11.1",
        "turbo-linux-64": "1.11.1",
        "turbo-linux-arm64": "1.11.1",
        "turbo-windows-64": "1.11.1",
        "turbo-windows-arm64": "1.11.1"
      }
    },
    "node_modules/turbo-darwin-64": {
      "version": "1.11.1",
      "resolved": "https://registry.npmjs.org/turbo-darwin-64/-/turbo-darwin-64-1.11.1.tgz",
      "integrity": "sha512-JmwL8kcfxncDf2SZFioSa6dUvpMq/HbMcurh9mGm6BxWLQoB0d3fP/q3HizgCSbOE4ihScXoQ+c/C2xhl6Ngjg==",
      "cpu": [
        "x64"
      ],
      "optional": true,
      "os": [
        "darwin"
      ]
    },
    "node_modules/turbo-darwin-arm64": {
      "version": "1.11.1",
      "resolved": "https://registry.npmjs.org/turbo-darwin-arm64/-/turbo-darwin-arm64-1.11.1.tgz",
      "integrity": "sha512-lIpT7nPkU0xmpkI8VOGQcgoQKmUATRMpRhTDclz6j/Px7Qtxjc+2PitKHKfR3aCnseoRMGkgMzPEJTPUwCpnlQ==",
      "cpu": [
        "arm64"
      ],
      "optional": true,
      "os": [
        "darwin"
      ]
    },
    "node_modules/turbo-linux-64": {
      "version": "1.11.1",
      "resolved": "https://registry.npmjs.org/turbo-linux-64/-/turbo-linux-64-1.11.1.tgz",
      "integrity": "sha512-mHFSqMkgy3h/M8Ocj2oiOr6CqlCqB6coCPWVIAmraBk+SQywwsszgJ69GWBfm7lwwJvb3B1YN1wkZNe9ZZnBfg==",
      "cpu": [
        "x64"
      ],
      "optional": true,
      "os": [
        "linux"
      ]
    },
    "node_modules/turbo-linux-arm64": {
      "version": "1.11.1",
      "resolved": "https://registry.npmjs.org/turbo-linux-arm64/-/turbo-linux-arm64-1.11.1.tgz",
      "integrity": "sha512-6ybojTkAkymo1Ig7kU3s2YQUUSRf3l2qatPZgw3v4OmFTSU2feCU1sHjAEqhHwEjV1KciDo1wRl1gjjyby4foQ==",
      "cpu": [
        "arm64"
      ],
      "optional": true,
      "os": [
        "linux"
      ]
    },
    "node_modules/turbo-windows-64": {
      "version": "1.11.1",
      "resolved": "https://registry.npmjs.org/turbo-windows-64/-/turbo-windows-64-1.11.1.tgz",
      "integrity": "sha512-ytWy6+yEtBfv6nbgCKW6HsolgUFAC1PZGMPzbqRGnCm2eLVWhDuwO1Yk7uq4cvdrpXcXgOMcPEoJZxUCDbeJaQ==",
      "cpu": [
        "x64"
      ],
      "optional": true,
      "os": [
        "win32"
      ]
    },
    "node_modules/turbo-windows-arm64": {
      "version": "1.11.1",
      "resolved": "https://registry.npmjs.org/turbo-windows-arm64/-/turbo-windows-arm64-1.11.1.tgz",
      "integrity": "sha512-O04DdJoRavOh/v9/MM5wWCEtOekO4aiLljNZc/fOh853sOhid61ZRSEYUmS9ecjmZ/OjKqedIfbkitaQ77c4xA==",
      "cpu": [
        "arm64"
      ],
      "optional": true,
      "os": [
        "win32"
      ]
    },
    "packages/pkg1": {},
    "packages/pkg2": {}
  }
}
