{
  "name": "benchmark",
  "lockfileVersion": 3,
  "requires": true,
  "packages": {
    "": {
      "name": "benchmark",
      "workspaces": [
        "apps/**",
        "packages/**"
      ],
      "dependencies": {
        "roserepo": "file:../../packages/roserepo",
        "turbo": "^2.0.6"
      }
    },
    "../../packages/roserepo": {
      "version": "2.0.3",
      "license": "mit",
      "dependencies": {
        "@inquirer/checkbox": "^2.3.10",
        "@opentf/cli-pbar": "^0.7.2",
        "@ygoe/msgpack": "^1.0.3",
        "ansis": "^3.2.0",
        "chokidar": "^3.6.0",
        "commander": "^12.1.0",
        "emittery": "^1.0.3",
        "execa": "^9.3.0",
        "fast-glob": "^3.3.2",
        "inquirer": "^9.3.4",
        "npm-registry-fetch": "^17.1.0",
        "picomatch": "^4.0.2",
        "roserc": "^1.0.0",
        "rosetil": "^1.0.5",
        "semver": "^7.6.2"
      },
      "bin": {
        "roserepo": "dist/bin.js"
      },
      "devDependencies": {
        "@types/inquirer": "^9.0.7",
        "@types/npm-registry-fetch": "^8.0.7",
        "@types/picomatch": "^2.3.4"
      }
    },
    "apps/backend/app": {
      "name": "@backend/app",
      "dependencies": {
        "@backend/pkg1": "*",
        "@backend/pkg2": "*"
      }
    },
    "apps/backend/packages/pkg1": {
      "name": "@backend/pkg1",
      "dependencies": {
        "pkg1": "*"
      }
    },
    "apps/backend/packages/pkg2": {
      "name": "@backend/pkg2",
      "dependencies": {
        "pkg2": "*"
      }
    },
    "apps/frontend/app": {
      "name": "@frontend/app",
      "dependencies": {
        "@frontend/pkg1": "*",
        "@frontend/pkg2": "*"
      }
    },
    "apps/frontend/packages/pkg1": {
      "name": "@frontend/pkg1",
      "dependencies": {
        "pkg1": "*"
      }
    },
    "apps/frontend/packages/pkg2": {
      "name": "@frontend/pkg2",
      "dependencies": {
        "pkg2": "*"
      }
    },
    "node_modules/@backend/app": {
      "resolved": "apps/backend/app",
      "link": true
    },
    "node_modules/@backend/pkg1": {
      "resolved": "apps/backend/packages/pkg1",
      "link": true
    },
    "node_modules/@backend/pkg2": {
      "resolved": "apps/backend/packages/pkg2",
      "link": true
    },
    "node_modules/@frontend/app": {
      "resolved": "apps/frontend/app",
      "link": true
    },
    "node_modules/@frontend/pkg1": {
      "resolved": "apps/frontend/packages/pkg1",
      "link": true
    },
    "node_modules/@frontend/pkg2": {
      "resolved": "apps/frontend/packages/pkg2",
      "link": true
    },
    "node_modules/pkg1": {
      "resolved": "packages/pkg1",
      "link": true
    },
    "node_modules/pkg2": {
      "resolved": "packages/pkg2",
      "link": true
    },
    "node_modules/roserepo": {
      "resolved": "../../packages/roserepo",
      "link": true
    },
    "node_modules/turbo": {
      "version": "2.0.6",
      "resolved": "https://registry.npmjs.org/turbo/-/turbo-2.0.6.tgz",
      "integrity": "sha512-/Ftmxd5Mq//a9yMonvmwENNUN65jOVTwhhBPQjEtNZutYT9YKyzydFGLyVM1nzhpLWahQSMamRc/RDBv5EapzA==",
      "license": "MIT",
      "bin": {
        "turbo": "bin/turbo"
      },
      "optionalDependencies": {
        "turbo-darwin-64": "2.0.6",
        "turbo-darwin-arm64": "2.0.6",
        "turbo-linux-64": "2.0.6",
        "turbo-linux-arm64": "2.0.6",
        "turbo-windows-64": "2.0.6",
        "turbo-windows-arm64": "2.0.6"
      }
    },
    "node_modules/turbo-darwin-64": {
      "version": "2.0.6",
      "resolved": "https://registry.npmjs.org/turbo-darwin-64/-/turbo-darwin-64-2.0.6.tgz",
      "integrity": "sha512-XpgBwWj3Ggmz/gQVqXdMKXHC1iFPMDiuwugLwSzE7Ih0O13JuNtYZKhQnopvbDQnFQCeRq2Vsm5OTWabg/oB/g==",
      "cpu": [
        "x64"
      ],
      "license": "MIT",
      "optional": true,
      "os": [
        "darwin"
      ]
    },
    "node_modules/turbo-darwin-arm64": {
      "version": "2.0.6",
      "resolved": "https://registry.npmjs.org/turbo-darwin-arm64/-/turbo-darwin-arm64-2.0.6.tgz",
      "integrity": "sha512-RfeZYXIAkiA21E8lsvfptGTqz/256YD+eI1x37fedfvnHFWuIMFZGAOwJxtZc6QasQunDZ9TRRREbJNI68tkIw==",
      "cpu": [
        "arm64"
      ],
      "license": "MIT",
      "optional": true,
      "os": [
        "darwin"
      ]
    },
    "node_modules/turbo-linux-64": {
      "version": "2.0.6",
      "resolved": "https://registry.npmjs.org/turbo-linux-64/-/turbo-linux-64-2.0.6.tgz",
      "integrity": "sha512-92UDa0xNQQbx0HdSp9ag3YSS3xPdavhc7q9q9mxIAcqyjjD6VElA4Y85m4F/DDGE5SolCrvBz2sQhVmkOd6Caw==",
      "cpu": [
        "x64"
      ],
      "license": "MIT",
      "optional": true,
      "os": [
        "linux"
      ]
    },
    "node_modules/turbo-linux-arm64": {
      "version": "2.0.6",
      "resolved": "https://registry.npmjs.org/turbo-linux-arm64/-/turbo-linux-arm64-2.0.6.tgz",
      "integrity": "sha512-eQKu6utCVUkIH2kqOzD8OS6E0ba6COjWm6PRDTNCHQRljZW503ycaTUIdMOiJrVg1MkEjDyOReUg8s8D18aJ4Q==",
      "cpu": [
        "arm64"
      ],
      "license": "MIT",
      "optional": true,
      "os": [
        "linux"
      ]
    },
    "node_modules/turbo-windows-64": {
      "version": "2.0.6",
      "resolved": "https://registry.npmjs.org/turbo-windows-64/-/turbo-windows-64-2.0.6.tgz",
      "integrity": "sha512-+9u4EPrpoeHYCQ46dRcou9kbkSoelhOelHNcbs2d86D6ruYD/oIAHK9qgYK8LeARRz0jxhZIA/dWYdYsxJJWkw==",
      "cpu": [
        "x64"
      ],
      "license": "MIT",
      "optional": true,
      "os": [
        "win32"
      ]
    },
    "node_modules/turbo-windows-arm64": {
      "version": "2.0.6",
      "resolved": "https://registry.npmjs.org/turbo-windows-arm64/-/turbo-windows-arm64-2.0.6.tgz",
      "integrity": "sha512-rdrKL+p+EjtdDVg0wQ/7yTbzkIYrnb0Pw4IKcjsy3M0RqUM9UcEi67b94XOAyTa5a0GqJL1+tUj2ebsFGPgZbg==",
      "cpu": [
        "arm64"
      ],
      "license": "MIT",
      "optional": true,
      "os": [
        "win32"
      ]
    },
    "packages/pkg1": {},
    "packages/pkg2": {}
  }
}
