{
  "name": "publisher",
  "version": "1.0.0",
  "lockfileVersion": 3,
  "requires": true,
  "packages": {
    "": {
      "name": "publisher",
      "version": "1.0.0",
      "workspaces": [
        "packages/*"
      ],
      "dependencies": {
        "roserepo": "file:../../../packages/roserepo"
      }
    },
    "../../../packages/roserepo": {},
    "node_modules/pkg1": {
      "resolved": "packages/pkg1",
      "link": true
    },
    "node_modules/pkg2": {
      "resolved": "packages/pkg2",
      "link": true
    },
    "node_modules/pkg3": {
      "resolved": "packages/pkg3",
      "link": true
    },
    "node_modules/pkg4": {
      "resolved": "packages/pkg4",
      "link": true
    },
    "node_modules/roserepo": {
      "resolved": "../../../packages/roserepo",
      "link": true
    },
    "packages/pkg1": {
      "version": "1.0.0",
      "dependencies": {
        "chalk": "5.1.0"
      },
      "peerDependencies": {
        "chalk": ">=5"
      }
    },
    "packages/pkg1/node_modules/chalk": {
      "version": "5.1.0",
      "resolved": "https://registry.npmjs.org/chalk/-/chalk-5.1.0.tgz",
      "integrity": "sha512-56zD4khRTBoIyzUYAFgDDaPhUMN/fC/rySe6aZGqbj/VWiU2eI3l6ZLOtYGFZAV5v02mwPjtpzlrOveJiz5eZQ==",
      "engines": {
        "node": "^12.17.0 || ^14.13 || >=16.0.0"
      },
      "funding": {
        "url": "https://github.com/chalk/chalk?sponsor=1"
      }
    },
    "packages/pkg2": {
      "version": "1.0.0"
    },
    "packages/pkg3": {
      "version": "1.0.0"
    },
    "packages/pkg4": {
      "version": "1.0.0"
    }
  }
}
