{
  "name": "test",
  "lockfileVersion": 3,
  "requires": true,
  "packages": {
    "": {
      "name": "test",
      "workspaces": [
        "core/**/*"
      ]
    },
    "core/app": {},
    "core/app/packages/pkg3": {
      "name": "pk3"
    },
    "core/app/packages/pkg4": {
      "name": "pk4"
    },
    "node_modules/app": {
      "resolved": "core/app",
      "link": true
    },
    "node_modules/pk3": {
      "resolved": "core/app/packages/pkg3",
      "link": true
    },
    "node_modules/pk4": {
      "resolved": "core/app/packages/pkg4",
      "link": true
    }
  }
}
